
Microsoft Visual Studio Solution File, Format Version 12.00
# Visual Studio 2013
VisualStudioVersion = 12.0.40629.0
MinimumVisualStudioVersion = 10.0.40219.1
Project("{FAE04EC0-301F-11D3-BF4B-00C04F79EFBC}") = "Lithnet.Logging", "Lithnet.Logging\Lithnet.Logging.csproj", "{901E0BA4-9507-4FDB-8F90-FD82A4858FDA}"
EndProject
Project("{FAE04EC0-301F-11D3-BF4B-00C04F79EFBC}") = "Lithnet.Common.Presentation", "Lithnet.Common.Presentation\Lithnet.Common.Presentation.csproj", "{2EFCB827-0009-4402-B8F4-0643B5CCF53A}"
EndProject
Project("{FAE04EC0-301F-11D3-BF4B-00C04F79EFBC}") = "Lithnet.Common.ObjectModel", "Lithnet.Common.ObjectModel\Lithnet.Common.ObjectModel.csproj", "{FABB65AC-FA5B-48FE-A1BD-50BAE4182663}"
EndProject
Global
	GlobalSection(SolutionConfigurationPlatforms) = preSolution
		Debug|Any CPU = Debug|Any CPU
		Release|Any CPU = Release|Any CPU
	EndGlobalSection
	GlobalSection(ProjectConfigurationPlatforms) = postSolution
		{901E0BA4-9507-4FDB-8F90-FD82A4858FDA}.Debug|Any CPU.ActiveCfg = Debug|Any CPU
		{901E0BA4-9507-4FDB-8F90-FD82A4858FDA}.Debug|Any CPU.Build.0 = Debug|Any CPU
		{901E0BA4-9507-4FDB-8F90-FD82A4858FDA}.Release|Any CPU.ActiveCfg = Release|Any CPU
		{901E0BA4-9507-4FDB-8F90-FD82A4858FDA}.Release|Any CPU.Build.0 = Release|Any CPU
		{2EFCB827-0009-4402-B8F4-0643B5CCF53A}.Debug|Any CPU.ActiveCfg = Debug|Any CPU
		{2EFCB827-0009-4402-B8F4-0643B5CCF53A}.Debug|Any CPU.Build.0 = Debug|Any CPU
		{2EFCB827-0009-4402-B8F4-0643B5CCF53A}.Release|Any CPU.ActiveCfg = Release|Any CPU
		{2EFCB827-0009-4402-B8F4-0643B5CCF53A}.Release|Any CPU.Build.0 = Release|Any CPU
		{FABB65AC-FA5B-48FE-A1BD-50BAE4182663}.Debug|Any CPU.ActiveCfg = Debug|Any CPU
		{FABB65AC-FA5B-48FE-A1BD-50BAE4182663}.Debug|Any CPU.Build.0 = Debug|Any CPU
		{FABB65AC-FA5B-48FE-A1BD-50BAE4182663}.Release|Any CPU.ActiveCfg = Release|Any CPU
		{FABB65AC-FA5B-48FE-A1BD-50BAE4182663}.Release|Any CPU.Build.0 = Release|Any CPU
	EndGlobalSection
	GlobalSection(SolutionProperties) = preSolution
		HideSolutionNode = FALSE
	EndGlobalSection
EndGlobal
